// !$*UTF8*$!
{
	archiveVersion = 1;
	classes = {
	};
	objectVersion = 56;
	objects = {

/* Begin PBXBuildFile section */
		3B8C29BCFF127744A3250C3A /* Pods_MovieGem.framework in Frameworks */ = {isa = PBXBuildFile; fileRef = 352EB7ADB4CDC4224F67B98A /* Pods_MovieGem.framework */; };
		5C4466F32D55D3E8004EB92B /* MovieTicketViewModel.swift in Sources */ = {isa = PBXBuildFile; fileRef = 5C4466F22D55D3E8004EB92B /* MovieTicketViewModel.swift */; };
		5C4466F72D5710C0004EB92B /* DateFormatters.swift in Sources */ = {isa = PBXBuildFile; fileRef = 5C4466F62D5710C0004EB92B /* DateFormatters.swift */; };
		5C53C1F92D4383B30082A145 /* GoogleSheetsConfig.swift in Sources */ = {isa = PBXBuildFile; fileRef = 5C53C1F82D4383B30082A145 /* GoogleSheetsConfig.swift */; };
		5C53C1FB2D4386090082A145 /* BookingModels.swift in Sources */ = {isa = PBXBuildFile; fileRef = 5C53C1FA2D4386090082A145 /* BookingModels.swift */; };
		5CEDC1712D2FC9C10072E8BF /* AppDelegate.swift in Sources */ = {isa = PBXBuildFile; fileRef = 5CEDC1702D2FC9C10072E8BF /* AppDelegate.swift */; };
		5CEDC1732D2FC9C10072E8BF /* SceneDelegate.swift in Sources */ = {isa = PBXBuildFile; fileRef = 5CEDC1722D2FC9C10072E8BF /* SceneDelegate.swift */; };
		5CEDC1782D2FC9C10072E8BF /* Base in Resources */ = {isa = PBXBuildFile; fileRef = 5CEDC1772D2FC9C10072E8BF /* Base */; };
		5CEDC17A2D2FC9C20072E8BF /* Assets.xcassets in Resources */ = {isa = PBXBuildFile; fileRef = 5CEDC1792D2FC9C20072E8BF /* Assets.xcassets */; };
		5CEDC17D2D2FC9C20072E8BF /* Base in Resources */ = {isa = PBXBuildFile; fileRef = 5CEDC17C2D2FC9C20072E8BF /* Base */; };
		5CEDC1872D2FC9ED0072E8BF /* MovieTicketService.swift in Sources */ = {isa = PBXBuildFile; fileRef = 5CEDC1862D2FC9ED0072E8BF /* MovieTicketService.swift */; };
		5CEDC1A32D34F9100072E8BF /* GoogleSheetsService.swift in Sources */ = {isa = PBXBuildFile; fileRef = 5CEDC1A22D34F9100072E8BF /* GoogleSheetsService.swift */; };
		5CEDC1A52D34F9570072E8BF /* MovieSheetViewModel.swift in Sources */ = {isa = PBXBuildFile; fileRef = 5CEDC1A42D34F9570072E8BF /* MovieSheetViewModel.swift */; };
		5CEDC1AC2D34FA6B0072E8BF /* MovieSheetViewController.swift in Sources */ = {isa = PBXBuildFile; fileRef = 5CEDC1AB2D34FA6B0072E8BF /* MovieSheetViewController.swift */; };
		5CEDC1AF2D3626B40072E8BF /* MovieSheettCell.swift in Sources */ = {isa = PBXBuildFile; fileRef = 5CEDC1AE2D3626B40072E8BF /* MovieSheettCell.swift */; };
		5CEDC1B12D362D560072E8BF /* MovieAdminViewController.swift in Sources */ = {isa = PBXBuildFile; fileRef = 5CEDC1B02D362D560072E8BF /* MovieAdminViewController.swift */; };
		5CEDC1B32D3643D70072E8BF /* MovieModels.swift in Sources */ = {isa = PBXBuildFile; fileRef = 5CEDC1B22D3643D70072E8BF /* MovieModels.swift */; };
		5CEDC1B72D3644290072E8BF /* ShowtimeManagementViewController.swift in Sources */ = {isa = PBXBuildFile; fileRef = 5CEDC1B62D3644290072E8BF /* ShowtimeManagementViewController.swift */; };
		5CEDC1B92D3648470072E8BF /* ShowtimeTableViewCell.swift in Sources */ = {isa = PBXBuildFile; fileRef = 5CEDC1B82D3648470072E8BF /* ShowtimeTableViewCell.swift */; };
		5CEDC1BB2D3649480072E8BF /* PriceManagementViewModel.swift in Sources */ = {isa = PBXBuildFile; fileRef = 5CEDC1BA2D3649480072E8BF /* PriceManagementViewModel.swift */; };
		5CEDC1BD2D3649720072E8BF /* PriceService.swift in Sources */ = {isa = PBXBuildFile; fileRef = 5CEDC1BC2D3649720072E8BF /* PriceService.swift */; };
		5CEDC1BF2D364A5D0072E8BF /* PriceTableViewCell.swift in Sources */ = {isa = PBXBuildFile; fileRef = 5CEDC1BE2D364A5D0072E8BF /* PriceTableViewCell.swift */; };
		5CEDC1C12D364A7C0072E8BF /* DiscountTableViewCell.swift in Sources */ = {isa = PBXBuildFile; fileRef = 5CEDC1C02D364A7C0072E8BF /* DiscountTableViewCell.swift */; };
		5CEDC1C32D364ABE0072E8BF /* PriceManagementViewController.swift in Sources */ = {isa = PBXBuildFile; fileRef = 5CEDC1C22D364ABE0072E8BF /* PriceManagementViewController.swift */; };
		5CEDC1C72D364E900072E8BF /* TheaterDetailViewController.swift in Sources */ = {isa = PBXBuildFile; fileRef = 5CEDC1C62D364E900072E8BF /* TheaterDetailViewController.swift */; };
		5CEDC1CD2D377D4D0072E8BF /* TheaterDetailViewModel.swift in Sources */ = {isa = PBXBuildFile; fileRef = 5CEDC1CC2D377D4D0072E8BF /* TheaterDetailViewModel.swift */; };
		5CEDC1D12D38CB490072E8BF /* TheaterManagementViewModel.swift in Sources */ = {isa = PBXBuildFile; fileRef = 5CEDC1D02D38CB490072E8BF /* TheaterManagementViewModel.swift */; };
		5CEDC1D32D38CB650072E8BF /* ShowtimeManagementViewModel.swift in Sources */ = {isa = PBXBuildFile; fileRef = 5CEDC1D22D38CB650072E8BF /* ShowtimeManagementViewModel.swift */; };
		5CEDC1D52D38CB800072E8BF /* TheaterManagementViewController.swift in Sources */ = {isa = PBXBuildFile; fileRef = 5CEDC1D42D38CB800072E8BF /* TheaterManagementViewController.swift */; };
/* End PBXBuildFile section */

/* Begin PBXFileReference section */
		352EB7ADB4CDC4224F67B98A /* Pods_MovieGem.framework */ = {isa = PBXFileReference; explicitFileType = wrapper.framework; includeInIndex = 0; path = Pods_MovieGem.framework; sourceTree = BUILT_PRODUCTS_DIR; };
		5C4466F22D55D3E8004EB92B /* MovieTicketViewModel.swift */ = {isa = PBXFileReference; lastKnownFileType = sourcecode.swift; path = MovieTicketViewModel.swift; sourceTree = "<group>"; };
		5C4466F62D5710C0004EB92B /* DateFormatters.swift */ = {isa = PBXFileReference; fileEncoding = 4; lastKnownFileType = sourcecode.swift; path = DateFormatters.swift; sourceTree = "<group>"; };
		5C53C1F82D4383B30082A145 /* GoogleSheetsConfig.swift */ = {isa = PBXFileReference; lastKnownFileType = sourcecode.swift; path = GoogleSheetsConfig.swift; sourceTree = "<group>"; };
		5C53C1FA2D4386090082A145 /* BookingModels.swift */ = {isa = PBXFileReference; lastKnownFileType = sourcecode.swift; path = BookingModels.swift; sourceTree = "<group>"; };
		5CEDC16D2D2FC9C10072E8BF /* MovieGem.app */ = {isa = PBXFileReference; explicitFileType = wrapper.application; includeInIndex = 0; path = MovieGem.app; sourceTree = BUILT_PRODUCTS_DIR; };
		5CEDC1702D2FC9C10072E8BF /* AppDelegate.swift */ = {isa = PBXFileReference; lastKnownFileType = sourcecode.swift; path = AppDelegate.swift; sourceTree = "<group>"; };
		5CEDC1722D2FC9C10072E8BF /* SceneDelegate.swift */ = {isa = PBXFileReference; lastKnownFileType = sourcecode.swift; path = SceneDelegate.swift; sourceTree = "<group>"; };
		5CEDC1772D2FC9C10072E8BF /* Base */ = {isa = PBXFileReference; lastKnownFileType = file.storyboard; name = Base; path = Base.lproj/Main.storyboard; sourceTree = "<group>"; };
		5CEDC1792D2FC9C20072E8BF /* Assets.xcassets */ = {isa = PBXFileReference; lastKnownFileType = folder.assetcatalog; path = Assets.xcassets; sourceTree = "<group>"; };
		5CEDC17C2D2FC9C20072E8BF /* Base */ = {isa = PBXFileReference; lastKnownFileType = file.storyboard; name = Base; path = Base.lproj/LaunchScreen.storyboard; sourceTree = "<group>"; };
		5CEDC17E2D2FC9C20072E8BF /* Info.plist */ = {isa = PBXFileReference; lastKnownFileType = text.plist.xml; path = Info.plist; sourceTree = "<group>"; };
		5CEDC1862D2FC9ED0072E8BF /* MovieTicketService.swift */ = {isa = PBXFileReference; lastKnownFileType = sourcecode.swift; path = MovieTicketService.swift; sourceTree = "<group>"; };
		5CEDC1A22D34F9100072E8BF /* GoogleSheetsService.swift */ = {isa = PBXFileReference; lastKnownFileType = sourcecode.swift; path = GoogleSheetsService.swift; sourceTree = "<group>"; };
		5CEDC1A42D34F9570072E8BF /* MovieSheetViewModel.swift */ = {isa = PBXFileReference; lastKnownFileType = sourcecode.swift; path = MovieSheetViewModel.swift; sourceTree = "<group>"; };
		5CEDC1AB2D34FA6B0072E8BF /* MovieSheetViewController.swift */ = {isa = PBXFileReference; lastKnownFileType = sourcecode.swift; path = MovieSheetViewController.swift; sourceTree = "<group>"; };
		5CEDC1AE2D3626B40072E8BF /* MovieSheettCell.swift */ = {isa = PBXFileReference; lastKnownFileType = sourcecode.swift; path = MovieSheettCell.swift; sourceTree = "<group>"; };
		5CEDC1B02D362D560072E8BF /* MovieAdminViewController.swift */ = {isa = PBXFileReference; lastKnownFileType = sourcecode.swift; path = MovieAdminViewController.swift; sourceTree = "<group>"; };
		5CEDC1B22D3643D70072E8BF /* MovieModels.swift */ = {isa = PBXFileReference; lastKnownFileType = sourcecode.swift; path = MovieModels.swift; sourceTree = "<group>"; };
		5CEDC1B62D3644290072E8BF /* ShowtimeManagementViewController.swift */ = {isa = PBXFileReference; lastKnownFileType = sourcecode.swift; path = ShowtimeManagementViewController.swift; sourceTree = "<group>"; };
		5CEDC1B82D3648470072E8BF /* ShowtimeTableViewCell.swift */ = {isa = PBXFileReference; lastKnownFileType = sourcecode.swift; path = ShowtimeTableViewCell.swift; sourceTree = "<group>"; };
		5CEDC1BA2D3649480072E8BF /* PriceManagementViewModel.swift */ = {isa = PBXFileReference; lastKnownFileType = sourcecode.swift; path = PriceManagementViewModel.swift; sourceTree = "<group>"; };
		5CEDC1BC2D3649720072E8BF /* PriceService.swift */ = {isa = PBXFileReference; lastKnownFileType = sourcecode.swift; path = PriceService.swift; sourceTree = "<group>"; };
		5CEDC1BE2D364A5D0072E8BF /* PriceTableViewCell.swift */ = {isa = PBXFileReference; lastKnownFileType = sourcecode.swift; path = PriceTableViewCell.swift; sourceTree = "<group>"; };
		5CEDC1C02D364A7C0072E8BF /* DiscountTableViewCell.swift */ = {isa = PBXFileReference; lastKnownFileType = sourcecode.swift; path = DiscountTableViewCell.swift; sourceTree = "<group>"; };
		5CEDC1C22D364ABE0072E8BF /* PriceManagementViewController.swift */ = {isa = PBXFileReference; lastKnownFileType = sourcecode.swift; path = PriceManagementViewController.swift; sourceTree = "<group>"; };
		5CEDC1C62D364E900072E8BF /* TheaterDetailViewController.swift */ = {isa = PBXFileReference; lastKnownFileType = sourcecode.swift; path = TheaterDetailViewController.swift; sourceTree = "<group>"; };
		5CEDC1CC2D377D4D0072E8BF /* TheaterDetailViewModel.swift */ = {isa = PBXFileReference; lastKnownFileType = sourcecode.swift; path = TheaterDetailViewModel.swift; sourceTree = "<group>"; };
		5CEDC1D02D38CB490072E8BF /* TheaterManagementViewModel.swift */ = {isa = PBXFileReference; lastKnownFileType = sourcecode.swift; path = TheaterManagementViewModel.swift; sourceTree = "<group>"; };
		5CEDC1D22D38CB650072E8BF /* ShowtimeManagementViewModel.swift */ = {isa = PBXFileReference; lastKnownFileType = sourcecode.swift; path = ShowtimeManagementViewModel.swift; sourceTree = "<group>"; };
		5CEDC1D42D38CB800072E8BF /* TheaterManagementViewController.swift */ = {isa = PBXFileReference; lastKnownFileType = sourcecode.swift; path = TheaterManagementViewController.swift; sourceTree = "<group>"; };
		991C666DDB4A9DA9587CE7FA /* Pods-MovieGem.debug.xcconfig */ = {isa = PBXFileReference; includeInIndex = 1; lastKnownFileType = text.xcconfig; name = "Pods-MovieGem.debug.xcconfig"; path = "Target Support Files/Pods-MovieGem/Pods-MovieGem.debug.xcconfig"; sourceTree = "<group>"; };
		E2734F05AFF792D273016342 /* Pods-MovieGem.release.xcconfig */ = {isa = PBXFileReference; includeInIndex = 1; lastKnownFileType = text.xcconfig; name = "Pods-MovieGem.release.xcconfig"; path = "Target Support Files/Pods-MovieGem/Pods-MovieGem.release.xcconfig"; sourceTree = "<group>"; };
/* End PBXFileReference section */

/* Begin PBXFrameworksBuildPhase section */
		5CEDC16A2D2FC9C10072E8BF /* Frameworks */ = {
			isa = PBXFrameworksBuildPhase;
			buildActionMask = 2147483647;
			files = (
				3B8C29BCFF127744A3250C3A /* Pods_MovieGem.framework in Frameworks */,
			);
			runOnlyForDeploymentPostprocessing = 0;
		};
/* End PBXFrameworksBuildPhase section */

/* Begin PBXGroup section */
		5CEDC1642D2FC9C10072E8BF = {
			isa = PBXGroup;
			children = (
				5CEDC16F2D2FC9C10072E8BF /* MovieGem */,
				5CEDC16E2D2FC9C10072E8BF /* Products */,
				DF48F0BF124D9740B0E747F2 /* Pods */,
				715CA5902C2F09EDA9D248CD /* Frameworks */,
			);
			sourceTree = "<group>";
		};
		5CEDC16E2D2FC9C10072E8BF /* Products */ = {
			isa = PBXGroup;
			children = (
				5CEDC16D2D2FC9C10072E8BF /* MovieGem.app */,
			);
			name = Products;
			sourceTree = "<group>";
		};
		5CEDC16F2D2FC9C10072E8BF /* MovieGem */ = {
			isa = PBXGroup;
			children = (
				5CEDC1702D2FC9C10072E8BF /* AppDelegate.swift */,
				5CEDC1722D2FC9C10072E8BF /* SceneDelegate.swift */,
				5CEDC19B2D3119050072E8BF /* Model */,
				5CEDC19D2D3119420072E8BF /* Service */,
				5CEDC19C2D31192D0072E8BF /* ViewModel */,
				5CEDC1AD2D36268F0072E8BF /* View */,
				5CEDC1762D2FC9C10072E8BF /* Main.storyboard */,
				5CEDC1792D2FC9C20072E8BF /* Assets.xcassets */,
				5CEDC17B2D2FC9C20072E8BF /* LaunchScreen.storyboard */,
				5CEDC17E2D2FC9C20072E8BF /* Info.plist */,
			);
			path = MovieGem;
			sourceTree = "<group>";
		};
		5CEDC19B2D3119050072E8BF /* Model */ = {
			isa = PBXGroup;
			children = (
				5C53C1FA2D4386090082A145 /* BookingModels.swift */,
				5CEDC1B22D3643D70072E8BF /* MovieModels.swift */,
			);
			path = Model;
			sourceTree = "<group>";
		};
		5CEDC19C2D31192D0072E8BF /* ViewModel */ = {
			isa = PBXGroup;
			children = (
				5C4466F22D55D3E8004EB92B /* MovieTicketViewModel.swift */,
				5CEDC1A42D34F9570072E8BF /* MovieSheetViewModel.swift */,
				5CEDC1D22D38CB650072E8BF /* ShowtimeManagementViewModel.swift */,
				5CEDC1BA2D3649480072E8BF /* PriceManagementViewModel.swift */,
				5CEDC1CC2D377D4D0072E8BF /* TheaterDetailViewModel.swift */,
				5CEDC1D02D38CB490072E8BF /* TheaterManagementViewModel.swift */,
			);
			path = ViewModel;
			sourceTree = "<group>";
		};
		5CEDC19D2D3119420072E8BF /* Service */ = {
			isa = PBXGroup;
			children = (
				5CEDC1862D2FC9ED0072E8BF /* MovieTicketService.swift */,
				5CEDC1A22D34F9100072E8BF /* GoogleSheetsService.swift */,
				5C4466F62D5710C0004EB92B /* DateFormatters.swift */,
				5CEDC1BC2D3649720072E8BF /* PriceService.swift */,
				5C53C1F82D4383B30082A145 /* GoogleSheetsConfig.swift */,
			);
			path = Service;
			sourceTree = "<group>";
		};
		5CEDC1AD2D36268F0072E8BF /* View */ = {
			isa = PBXGroup;
			children = (
				5CEDC1AE2D3626B40072E8BF /* MovieSheettCell.swift */,
				5CEDC1B82D3648470072E8BF /* ShowtimeTableViewCell.swift */,
				5CEDC1BE2D364A5D0072E8BF /* PriceTableViewCell.swift */,
				5CEDC1C02D364A7C0072E8BF /* DiscountTableViewCell.swift */,
				5CEDC1B02D362D560072E8BF /* MovieAdminViewController.swift */,
				5CEDC1AB2D34FA6B0072E8BF /* MovieSheetViewController.swift */,
				5CEDC1B62D3644290072E8BF /* ShowtimeManagementViewController.swift */,
				5CEDC1C22D364ABE0072E8BF /* PriceManagementViewController.swift */,
				5CEDC1C62D364E900072E8BF /* TheaterDetailViewController.swift */,
				5CEDC1D42D38CB800072E8BF /* TheaterManagementViewController.swift */,
			);
			path = View;
			sourceTree = "<group>";
		};
		715CA5902C2F09EDA9D248CD /* Frameworks */ = {
			isa = PBXGroup;
			children = (
				352EB7ADB4CDC4224F67B98A /* Pods_MovieGem.framework */,
			);
			name = Frameworks;
			sourceTree = "<group>";
		};
		DF48F0BF124D9740B0E747F2 /* Pods */ = {
			isa = PBXGroup;
			children = (
				991C666DDB4A9DA9587CE7FA /* Pods-MovieGem.debug.xcconfig */,
				E2734F05AFF792D273016342 /* Pods-MovieGem.release.xcconfig */,
			);
			path = Pods;
			sourceTree = "<group>";
		};
/* End PBXGroup section */

/* Begin PBXNativeTarget section */
		5CEDC16C2D2FC9C10072E8BF /* MovieGem */ = {
			isa = PBXNativeTarget;
			buildConfigurationList = 5CEDC1812D2FC9C20072E8BF /* Build configuration list for PBXNativeTarget "MovieGem" */;
			buildPhases = (
				E7C19B13CB46E08A6DE6BF51 /* [CP] Check Pods Manifest.lock */,
				5CEDC1692D2FC9C10072E8BF /* Sources */,
				5CEDC16A2D2FC9C10072E8BF /* Frameworks */,
				5CEDC16B2D2FC9C10072E8BF /* Resources */,
				C0D2832769B195E141EAD9AB /* [CP] Embed Pods Frameworks */,
			);
			buildRules = (
			);
			dependencies = (
			);
			name = MovieGem;
			productName = MovieGem;
			productReference = 5CEDC16D2D2FC9C10072E8BF /* MovieGem.app */;
			productType = "com.apple.product-type.application";
		};
/* End PBXNativeTarget section */

/* Begin PBXProject section */
		5CEDC1652D2FC9C10072E8BF /* Project object */ = {
			isa = PBXProject;
			attributes = {
				BuildIndependentTargetsInParallel = 1;
				LastSwiftUpdateCheck = 1540;
				LastUpgradeCheck = 1540;
				TargetAttributes = {
					5CEDC16C2D2FC9C10072E8BF = {
						CreatedOnToolsVersion = 15.4;
					};
				};
			};
			buildConfigurationList = 5CEDC1682D2FC9C10072E8BF /* Build configuration list for PBXProject "MovieGem" */;
			compatibilityVersion = "Xcode 14.0";
			developmentRegion = en;
			hasScannedForEncodings = 0;
			knownRegions = (
				en,
				Base,
			);
			mainGroup = 5CEDC1642D2FC9C10072E8BF;
			productRefGroup = 5CEDC16E2D2FC9C10072E8BF /* Products */;
			projectDirPath = "";
			projectRoot = "";
			targets = (
				5CEDC16C2D2FC9C10072E8BF /* MovieGem */,
			);
		};
/* End PBXProject section */

/* Begin PBXResourcesBuildPhase section */
		5CEDC16B2D2FC9C10072E8BF /* Resources */ = {
			isa = PBXResourcesBuildPhase;
			buildActionMask = 2147483647;
			files = (
				5CEDC17A2D2FC9C20072E8BF /* Assets.xcassets in Resources */,
				5CEDC17D2D2FC9C20072E8BF /* Base in Resources */,
				5CEDC1782D2FC9C10072E8BF /* Base in Resources */,
			);
			runOnlyForDeploymentPostprocessing = 0;
		};
/* End PBXResourcesBuildPhase section */

/* Begin PBXShellScriptBuildPhase section */
		C0D2832769B195E141EAD9AB /* [CP] Embed Pods Frameworks */ = {
			isa = PBXShellScriptBuildPhase;
			buildActionMask = 2147483647;
			files = (
			);
			inputFileListPaths = (
				"${PODS_ROOT}/Target Support Files/Pods-MovieGem/Pods-MovieGem-frameworks-${CONFIGURATION}-input-files.xcfilelist",
			);
			name = "[CP] Embed Pods Frameworks";
			outputFileListPaths = (
				"${PODS_ROOT}/Target Support Files/Pods-MovieGem/Pods-MovieGem-frameworks-${CONFIGURATION}-output-files.xcfilelist",
			);
			runOnlyForDeploymentPostprocessing = 0;
			shellPath = /bin/sh;
			shellScript = "\"${PODS_ROOT}/Target Support Files/Pods-MovieGem/Pods-MovieGem-frameworks.sh\"\n";
			showEnvVarsInLog = 0;
		};
		E7C19B13CB46E08A6DE6BF51 /* [CP] Check Pods Manifest.lock */ = {
			isa = PBXShellScriptBuildPhase;
			buildActionMask = 2147483647;
			files = (
			);
			inputFileListPaths = (
			);
			inputPaths = (
				"${PODS_PODFILE_DIR_PATH}/Podfile.lock",
				"${PODS_ROOT}/Manifest.lock",
			);
			name = "[CP] Check Pods Manifest.lock";
			outputFileListPaths = (
			);
			outputPaths = (
				"$(DERIVED_FILE_DIR)/Pods-MovieGem-checkManifestLockResult.txt",
			);
			runOnlyForDeploymentPostprocessing = 0;
			shellPath = /bin/sh;
			shellScript = "diff \"${PODS_PODFILE_DIR_PATH}/Podfile.lock\" \"${PODS_ROOT}/Manifest.lock\" > /dev/null\nif [ $? != 0 ] ; then\n    # print error to STDERR\n    echo \"error: The sandbox is not in sync with the Podfile.lock. Run 'pod install' or update your CocoaPods installation.\" >&2\n    exit 1\nfi\n# This output is used by Xcode 'outputs' to avoid re-running this script phase.\necho \"SUCCESS\" > \"${SCRIPT_OUTPUT_FILE_0}\"\n";
			showEnvVarsInLog = 0;
		};
/* End PBXShellScriptBuildPhase section */

/* Begin PBXSourcesBuildPhase section */
		5CEDC1692D2FC9C10072E8BF /* Sources */ = {
			isa = PBXSourcesBuildPhase;
			buildActionMask = 2147483647;
			files = (
				5CEDC1AC2D34FA6B0072E8BF /* MovieSheetViewController.swift in Sources */,
				5CEDC1C12D364A7C0072E8BF /* DiscountTableViewCell.swift in Sources */,
				5C53C1FB2D4386090082A145 /* BookingModels.swift in Sources */,
				5C4466F72D5710C0004EB92B /* DateFormatters.swift in Sources */,
				5CEDC1AF2D3626B40072E8BF /* MovieSheettCell.swift in Sources */,
				5CEDC1A52D34F9570072E8BF /* MovieSheetViewModel.swift in Sources */,
				5CEDC1712D2FC9C10072E8BF /* AppDelegate.swift in Sources */,
				5CEDC1C32D364ABE0072E8BF /* PriceManagementViewController.swift in Sources */,
				5CEDC1B92D3648470072E8BF /* ShowtimeTableViewCell.swift in Sources */,
				5CEDC1BB2D3649480072E8BF /* PriceManagementViewModel.swift in Sources */,
				5CEDC1B32D3643D70072E8BF /* MovieModels.swift in Sources */,
				5CEDC1D52D38CB800072E8BF /* TheaterManagementViewController.swift in Sources */,
				5CEDC1C72D364E900072E8BF /* TheaterDetailViewController.swift in Sources */,
				5CEDC1B12D362D560072E8BF /* MovieAdminViewController.swift in Sources */,
				5CEDC1A32D34F9100072E8BF /* GoogleSheetsService.swift in Sources */,
				5CEDC1CD2D377D4D0072E8BF /* TheaterDetailViewModel.swift in Sources */,
				5CEDC1872D2FC9ED0072E8BF /* MovieTicketService.swift in Sources */,
				5CEDC1D12D38CB490072E8BF /* TheaterManagementViewModel.swift in Sources */,
				5C4466F32D55D3E8004EB92B /* MovieTicketViewModel.swift in Sources */,
				5CEDC1BF2D364A5D0072E8BF /* PriceTableViewCell.swift in Sources */,
				5C53C1F92D4383B30082A145 /* GoogleSheetsConfig.swift in Sources */,
				5CEDC1B72D3644290072E8BF /* ShowtimeManagementViewController.swift in Sources */,
				5CEDC1732D2FC9C10072E8BF /* SceneDelegate.swift in Sources */,
				5CEDC1D32D38CB650072E8BF /* ShowtimeManagementViewModel.swift in Sources */,
				5CEDC1BD2D3649720072E8BF /* PriceService.swift in Sources */,
			);
			runOnlyForDeploymentPostprocessing = 0;
		};
/* End PBXSourcesBuildPhase section */

/* Begin PBXVariantGroup section */
		5CEDC1762D2FC9C10072E8BF /* Main.storyboard */ = {
			isa = PBXVariantGroup;
			children = (
				5CEDC1772D2FC9C10072E8BF /* Base */,
			);
			name = Main.storyboard;
			sourceTree = "<group>";
		};
		5CEDC17B2D2FC9C20072E8BF /* LaunchScreen.storyboard */ = {
			isa = PBXVariantGroup;
			children = (
				5CEDC17C2D2FC9C20072E8BF /* Base */,
			);
			name = LaunchScreen.storyboard;
			sourceTree = "<group>";
		};
/* End PBXVariantGroup section */

/* Begin XCBuildConfiguration section */
		5CEDC17F2D2FC9C20072E8BF /* Debug */ = {
			isa = XCBuildConfiguration;
			buildSettings = {
				ALWAYS_SEARCH_USER_PATHS = NO;
				ASSETCATALOG_COMPILER_GENERATE_SWIFT_ASSET_SYMBOL_EXTENSIONS = YES;
				CLANG_ANALYZER_NONNULL = YES;
				CLANG_ANALYZER_NUMBER_OBJECT_CONVERSION = YES_AGGRESSIVE;
				CLANG_CXX_LANGUAGE_STANDARD = "gnu++20";
				CLANG_ENABLE_MODULES = YES;
				CLANG_ENABLE_OBJC_ARC = YES;
				CLANG_ENABLE_OBJC_WEAK = YES;
				CLANG_WARN_BLOCK_CAPTURE_AUTORELEASING = YES;
				CLANG_WARN_BOOL_CONVERSION = YES;
				CLANG_WARN_COMMA = YES;
				CLANG_WARN_CONSTANT_CONVERSION = YES;
				CLANG_WARN_DEPRECATED_OBJC_IMPLEMENTATIONS = YES;
				CLANG_WARN_DIRECT_OBJC_ISA_USAGE = YES_ERROR;
				CLANG_WARN_DOCUMENTATION_COMMENTS = YES;
				CLANG_WARN_EMPTY_BODY = YES;
				CLANG_WARN_ENUM_CONVERSION = YES;
				CLANG_WARN_INFINITE_RECURSION = YES;
				CLANG_WARN_INT_CONVERSION = YES;
				CLANG_WARN_NON_LITERAL_NULL_CONVERSION = YES;
				CLANG_WARN_OBJC_IMPLICIT_RETAIN_SELF = YES;
				CLANG_WARN_OBJC_LITERAL_CONVERSION = YES;
				CLANG_WARN_OBJC_ROOT_CLASS = YES_ERROR;
				CLANG_WARN_QUOTED_INCLUDE_IN_FRAMEWORK_HEADER = YES;
				CLANG_WARN_RANGE_LOOP_ANALYSIS = YES;
				CLANG_WARN_STRICT_PROTOTYPES = YES;
				CLANG_WARN_SUSPICIOUS_MOVE = YES;
				CLANG_WARN_UNGUARDED_AVAILABILITY = YES_AGGRESSIVE;
				CLANG_WARN_UNREACHABLE_CODE = YES;
				CLANG_WARN__DUPLICATE_METHOD_MATCH = YES;
				COPY_PHASE_STRIP = NO;
				DEBUG_INFORMATION_FORMAT = dwarf;
				ENABLE_STRICT_OBJC_MSGSEND = YES;
				ENABLE_TESTABILITY = YES;
				ENABLE_USER_SCRIPT_SANDBOXING = YES;
				GCC_C_LANGUAGE_STANDARD = gnu17;
				GCC_DYNAMIC_NO_PIC = NO;
				GCC_NO_COMMON_BLOCKS = YES;
				GCC_OPTIMIZATION_LEVEL = 0;
				GCC_PREPROCESSOR_DEFINITIONS = (
					"DEBUG=1",
					"$(inherited)",
				);
				GCC_WARN_64_TO_32_BIT_CONVERSION = YES;
				GCC_WARN_ABOUT_RETURN_TYPE = YES_ERROR;
				GCC_WARN_UNDECLARED_SELECTOR = YES;
				GCC_WARN_UNINITIALIZED_AUTOS = YES_AGGRESSIVE;
				GCC_WARN_UNUSED_FUNCTION = YES;
				GCC_WARN_UNUSED_VARIABLE = YES;
				IPHONEOS_DEPLOYMENT_TARGET = 17.5;
				LOCALIZATION_PREFERS_STRING_CATALOGS = YES;
				MTL_ENABLE_DEBUG_INFO = INCLUDE_SOURCE;
				MTL_FAST_MATH = YES;
				ONLY_ACTIVE_ARCH = YES;
				SDKROOT = iphoneos;
				SWIFT_ACTIVE_COMPILATION_CONDITIONS = "DEBUG $(inherited)";
				SWIFT_OPTIMIZATION_LEVEL = "-Onone";
			};
			name = Debug;
		};
		5CEDC1802D2FC9C20072E8BF /* Release */ = {
			isa = XCBuildConfiguration;
			buildSettings = {
				ALWAYS_SEARCH_USER_PATHS = NO;
				ASSETCATALOG_COMPILER_GENERATE_SWIFT_ASSET_SYMBOL_EXTENSIONS = YES;
				CLANG_ANALYZER_NONNULL = YES;
				CLANG_ANALYZER_NUMBER_OBJECT_CONVERSION = YES_AGGRESSIVE;
				CLANG_CXX_LANGUAGE_STANDARD = "gnu++20";
				CLANG_ENABLE_MODULES = YES;
				CLANG_ENABLE_OBJC_ARC = YES;
				CLANG_ENABLE_OBJC_WEAK = YES;
				CLANG_WARN_BLOCK_CAPTURE_AUTORELEASING = YES;
				CLANG_WARN_BOOL_CONVERSION = YES;
				CLANG_WARN_COMMA = YES;
				CLANG_WARN_CONSTANT_CONVERSION = YES;
				CLANG_WARN_DEPRECATED_OBJC_IMPLEMENTATIONS = YES;
				CLANG_WARN_DIRECT_OBJC_ISA_USAGE = YES_ERROR;
				CLANG_WARN_DOCUMENTATION_COMMENTS = YES;
				CLANG_WARN_EMPTY_BODY = YES;
				CLANG_WARN_ENUM_CONVERSION = YES;
				CLANG_WARN_INFINITE_RECURSION = YES;
				CLANG_WARN_INT_CONVERSION = YES;
				CLANG_WARN_NON_LITERAL_NULL_CONVERSION = YES;
				CLANG_WARN_OBJC_IMPLICIT_RETAIN_SELF = YES;
				CLANG_WARN_OBJC_LITERAL_CONVERSION = YES;
				CLANG_WARN_OBJC_ROOT_CLASS = YES_ERROR;
				CLANG_WARN_QUOTED_INCLUDE_IN_FRAMEWORK_HEADER = YES;
				CLANG_WARN_RANGE_LOOP_ANALYSIS = YES;
				CLANG_WARN_STRICT_PROTOTYPES = YES;
				CLANG_WARN_SUSPICIOUS_MOVE = YES;
				CLANG_WARN_UNGUARDED_AVAILABILITY = YES_AGGRESSIVE;
				CLANG_WARN_UNREACHABLE_CODE = YES;
				CLANG_WARN__DUPLICATE_METHOD_MATCH = YES;
				COPY_PHASE_STRIP = NO;
				DEBUG_INFORMATION_FORMAT = "dwarf-with-dsym";
				ENABLE_NS_ASSERTIONS = NO;
				ENABLE_STRICT_OBJC_MSGSEND = YES;
				ENABLE_USER_SCRIPT_SANDBOXING = YES;
				GCC_C_LANGUAGE_STANDARD = gnu17;
				GCC_NO_COMMON_BLOCKS = YES;
				GCC_WARN_64_TO_32_BIT_CONVERSION = YES;
				GCC_WARN_ABOUT_RETURN_TYPE = YES_ERROR;
				GCC_WARN_UNDECLARED_SELECTOR = YES;
				GCC_WARN_UNINITIALIZED_AUTOS = YES_AGGRESSIVE;
				GCC_WARN_UNUSED_FUNCTION = YES;
				GCC_WARN_UNUSED_VARIABLE = YES;
				IPHONEOS_DEPLOYMENT_TARGET = 17.5;
				LOCALIZATION_PREFERS_STRING_CATALOGS = YES;
				MTL_ENABLE_DEBUG_INFO = NO;
				MTL_FAST_MATH = YES;
				SDKROOT = iphoneos;
				SWIFT_COMPILATION_MODE = wholemodule;
				VALIDATE_PRODUCT = YES;
			};
			name = Release;
		};
		5CEDC1822D2FC9C20072E8BF /* Debug */ = {
			isa = XCBuildConfiguration;
			baseConfigurationReference = 991C666DDB4A9DA9587CE7FA /* Pods-MovieGem.debug.xcconfig */;
			buildSettings = {
				ASSETCATALOG_COMPILER_APPICON_NAME = AppIcon;
				ASSETCATALOG_COMPILER_GLOBAL_ACCENT_COLOR_NAME = AccentColor;
				CODE_SIGN_IDENTITY = "iPhone Developer";
				CODE_SIGN_STYLE = Automatic;
				CURRENT_PROJECT_VERSION = 1;
				DEVELOPMENT_TEAM = M2MF9LH58A;
				ENABLE_USER_SCRIPT_SANDBOXING = NO;
				GENERATE_INFOPLIST_FILE = YES;
				INFOPLIST_FILE = MovieGem/Info.plist;
				INFOPLIST_KEY_UIApplicationSupportsIndirectInputEvents = YES;
				INFOPLIST_KEY_UILaunchStoryboardName = LaunchScreen;
				INFOPLIST_KEY_UIMainStoryboardFile = Main;
				INFOPLIST_KEY_UISupportedInterfaceOrientations_iPad = "UIInterfaceOrientationPortrait UIInterfaceOrientationPortraitUpsideDown UIInterfaceOrientationLandscapeLeft UIInterfaceOrientationLandscapeRight";
				INFOPLIST_KEY_UISupportedInterfaceOrientations_iPhone = "UIInterfaceOrientationPortrait UIInterfaceOrientationLandscapeLeft UIInterfaceOrientationLandscapeRight";
				LD_RUNPATH_SEARCH_PATHS = (
					"$(inherited)",
					"@executable_path/Frameworks",
				);
				MARKETING_VERSION = 1.0;
				OTHER_LDFLAGS = (
					"$(inherited)",
					"-ObjC",
					"-framework",
					"\"AppAuth\"",
					"-framework",
					"\"AppCheckCore\"",
					"-framework",
					"\"CoreGraphics\"",
					"-framework",
					"\"CoreText\"",
					"-framework",
					"\"FBLPromises\"",
					"-framework",
					"\"Foundation\"",
					"-framework",
					"\"GTMAppAuth\"",
					"-framework",
					"\"GTMSessionFetcher\"",
					"-framework",
					"\"GoogleAPIClientForREST\"",
					"-framework",
					"\"GoogleSignIn\"",
					"-framework",
					"\"GoogleUtilities\"",
					"-framework",
					"\"LocalAuthentication\"",
					"-framework",
					"\"SafariServices\"",
					"-framework",
					"\"Security\"",
					"-framework",
					"\"UIKit\"",
					"-weak_framework",
					"\"AuthenticationServices\"",
					"-weak_framework",
					"\"DeviceCheck\"",
				);
				PRODUCT_BUNDLE_IDENTIFIER = com.Lydia.MovieGem;
				PRODUCT_NAME = "$(TARGET_NAME)";
				SWIFT_EMIT_LOC_STRINGS = YES;
				SWIFT_VERSION = 5.0;
				TARGETED_DEVICE_FAMILY = "1,2";
			};
			name = Debug;
		};
		5CEDC1832D2FC9C20072E8BF /* Release */ = {
			isa = XCBuildConfiguration;
			baseConfigurationReference = E2734F05AFF792D273016342 /* Pods-MovieGem.release.xcconfig */;
			buildSettings = {
				ASSETCATALOG_COMPILER_APPICON_NAME = AppIcon;
				ASSETCATALOG_COMPILER_GLOBAL_ACCENT_COLOR_NAME = AccentColor;
				CODE_SIGN_IDENTITY = "iPhone Developer";
				CODE_SIGN_STYLE = Automatic;
				CURRENT_PROJECT_VERSION = 1;
				DEVELOPMENT_TEAM = M2MF9LH58A;
				ENABLE_USER_SCRIPT_SANDBOXING = NO;
				GENERATE_INFOPLIST_FILE = YES;
				INFOPLIST_FILE = MovieGem/Info.plist;
				INFOPLIST_KEY_UIApplicationSupportsIndirectInputEvents = YES;
				INFOPLIST_KEY_UILaunchStoryboardName = LaunchScreen;
				INFOPLIST_KEY_UIMainStoryboardFile = Main;
				INFOPLIST_KEY_UISupportedInterfaceOrientations_iPad = "UIInterfaceOrientationPortrait UIInterfaceOrientationPortraitUpsideDown UIInterfaceOrientationLandscapeLeft UIInterfaceOrientationLandscapeRight";
				INFOPLIST_KEY_UISupportedInterfaceOrientations_iPhone = "UIInterfaceOrientationPortrait UIInterfaceOrientationLandscapeLeft UIInterfaceOrientationLandscapeRight";
				LD_RUNPATH_SEARCH_PATHS = (
					"$(inherited)",
					"@executable_path/Frameworks",
				);
				MARKETING_VERSION = 1.0;
				OTHER_LDFLAGS = (
					"$(inherited)",
					"-ObjC",
					"-framework",
					"\"AppAuth\"",
					"-framework",
					"\"AppCheckCore\"",
					"-framework",
					"\"CoreGraphics\"",
					"-framework",
					"\"CoreText\"",
					"-framework",
					"\"FBLPromises\"",
					"-framework",
					"\"Foundation\"",
					"-framework",
					"\"GTMAppAuth\"",
					"-framework",
					"\"GTMSessionFetcher\"",
					"-framework",
					"\"GoogleAPIClientForREST\"",
					"-framework",
					"\"GoogleSignIn\"",
					"-framework",
					"\"GoogleUtilities\"",
					"-framework",
					"\"LocalAuthentication\"",
					"-framework",
					"\"SafariServices\"",
					"-framework",
					"\"Security\"",
					"-framework",
					"\"UIKit\"",
					"-weak_framework",
					"\"AuthenticationServices\"",
					"-weak_framework",
					"\"DeviceCheck\"",
				);
				PRODUCT_BUNDLE_IDENTIFIER = com.Lydia.MovieGem;
				PRODUCT_NAME = "$(TARGET_NAME)";
				SWIFT_EMIT_LOC_STRINGS = YES;
				SWIFT_VERSION = 5.0;
				TARGETED_DEVICE_FAMILY = "1,2";
			};
			name = Release;
		};
/* End XCBuildConfiguration section */

/* Begin XCConfigurationList section */
		5CEDC1682D2FC9C10072E8BF /* Build configuration list for PBXProject "MovieGem" */ = {
			isa = XCConfigurationList;
			buildConfigurations = (
				5CEDC17F2D2FC9C20072E8BF /* Debug */,
				5CEDC1802D2FC9C20072E8BF /* Release */,
			);
			defaultConfigurationIsVisible = 0;
			defaultConfigurationName = Release;
		};
		5CEDC1812D2FC9C20072E8BF /* Build configuration list for PBXNativeTarget "MovieGem" */ = {
			isa = XCConfigurationList;
			buildConfigurations = (
				5CEDC1822D2FC9C20072E8BF /* Debug */,
				5CEDC1832D2FC9C20072E8BF /* Release */,
			);
			defaultConfigurationIsVisible = 0;
			defaultConfigurationName = Release;
		};
/* End XCConfigurationList section */
	};
	rootObject = 5CEDC1652D2FC9C10072E8BF /* Project object */;
}
